
Microsoft Visual Studio Solution File, Format Version 12.00
# Visual Studio Version 16
VisualStudioVersion = 16.0.30523.141
MinimumVisualStudioVersion = 10.0.40219.1
Project("{FAE04EC0-301F-11D3-BF4B-00C04F79EFBC}") = "BT_OPP_Ontap_1", "BT_OPP_Ontap_1.csproj", "{05E47D40-1572-485A-8347-D2F49FB6C01E}"
EndProject
Global
	GlobalSection(SolutionConfigurationPlatforms) = preSolution
		Debug|Any CPU = Debug|Any CPU
		Release|Any CPU = Release|Any CPU
	EndGlobalSection
	GlobalSection(ProjectConfigurationPlatforms) = postSolution
		{05E47D40-1572-485A-8347-D2F49FB6C01E}.Debug|Any CPU.ActiveCfg = Debug|Any CPU
		{05E47D40-1572-485A-8347-D2F49FB6C01E}.Debug|Any CPU.Build.0 = Debug|Any CPU
		{05E47D40-1572-485A-8347-D2F49FB6C01E}.Release|Any CPU.ActiveCfg = Release|Any CPU
		{05E47D40-1572-485A-8347-D2F49FB6C01E}.Release|Any CPU.Build.0 = Release|Any CPU
	EndGlobalSection
	GlobalSection(SolutionProperties) = preSolution
		HideSolutionNode = FALSE
	EndGlobalSection
	GlobalSection(ExtensibilityGlobals) = postSolution
		SolutionGuid = {BC4F6478-9B6D-4F58-8E89-EE1BDC44141E}
	EndGlobalSection
EndGlobal
